
Microsoft Visual Studio Solution File, Format Version 12.00
# Visual Studio Version 17
VisualStudioVersion = 17.9.34622.214
MinimumVisualStudioVersion = 10.0.40219.1
Project("{9A19103F-16F7-4668-BE54-9A1E7A4F7556}") = "Class8.Queue", "Class8.Queue\Class8.Queue.csproj", "{E93C6257-147E-49F6-8225-681955A7F6A3}"
EndProject
Project("{FAE04EC0-301F-11D3-BF4B-00C04F79EFBC}") = "Class8.Linq", "Class8.Linq\Class8.Linq.csproj", "{0850B3C4-1E59-48D6-9BBC-76C7C1B3E145}"
EndProject
Global
	GlobalSection(SolutionConfigurationPlatforms) = preSolution
		Debug|Any CPU = Debug|Any CPU
		Release|Any CPU = Release|Any CPU
	EndGlobalSection
	GlobalSection(ProjectConfigurationPlatforms) = postSolution
		{E93C6257-147E-49F6-8225-681955A7F6A3}.Debug|Any CPU.ActiveCfg = Debug|Any CPU
		{E93C6257-147E-49F6-8225-681955A7F6A3}.Debug|Any CPU.Build.0 = Debug|Any CPU
		{E93C6257-147E-49F6-8225-681955A7F6A3}.Release|Any CPU.ActiveCfg = Release|Any CPU
		{E93C6257-147E-49F6-8225-681955A7F6A3}.Release|Any CPU.Build.0 = Release|Any CPU
		{0850B3C4-1E59-48D6-9BBC-76C7C1B3E145}.Debug|Any CPU.ActiveCfg = Debug|Any CPU
		{0850B3C4-1E59-48D6-9BBC-76C7C1B3E145}.Debug|Any CPU.Build.0 = Debug|Any CPU
		{0850B3C4-1E59-48D6-9BBC-76C7C1B3E145}.Release|Any CPU.ActiveCfg = Release|Any CPU
		{0850B3C4-1E59-48D6-9BBC-76C7C1B3E145}.Release|Any CPU.Build.0 = Release|Any CPU
	EndGlobalSection
	GlobalSection(SolutionProperties) = preSolution
		HideSolutionNode = FALSE
	EndGlobalSection
	GlobalSection(ExtensibilityGlobals) = postSolution
		SolutionGuid = {B1B33380-EFA8-4B24-81FA-F55D5FE6DCB3}
	EndGlobalSection
EndGlobal
